
Microsoft Visual Studio Solution File, Format Version 12.00
# Visual Studio Version 16
VisualStudioVersion = 16.0.32602.291
MinimumVisualStudioVersion = 10.0.40219.1
Project("{FAE04EC0-301F-11D3-BF4B-00C04F79EFBC}") = "IOCContainer", "IOCContainer\IOCContainer.csproj", "{99923AE3-BE5B-4246-BD46-9DAA8A35144C}"
EndProject
Global
	GlobalSection(SolutionConfigurationPlatforms) = preSolution
		Debug|Any CPU = Debug|Any CPU
		Release|Any CPU = Release|Any CPU
	EndGlobalSection
	GlobalSection(ProjectConfigurationPlatforms) = postSolution
		{99923AE3-BE5B-4246-BD46-9DAA8A35144C}.Debug|Any CPU.ActiveCfg = Debug|Any CPU
		{99923AE3-BE5B-4246-BD46-9DAA8A35144C}.Debug|Any CPU.Build.0 = Debug|Any CPU
		{99923AE3-BE5B-4246-BD46-9DAA8A35144C}.Release|Any CPU.ActiveCfg = Release|Any CPU
		{99923AE3-BE5B-4246-BD46-9DAA8A35144C}.Release|Any CPU.Build.0 = Release|Any CPU
	EndGlobalSection
	GlobalSection(SolutionProperties) = preSolution
		HideSolutionNode = FALSE
	EndGlobalSection
	GlobalSection(ExtensibilityGlobals) = postSolution
		SolutionGuid = {C190A144-0FF1-4EBF-9A24-A0CC43287FCA}
	EndGlobalSection
EndGlobal
