
Microsoft Visual Studio Solution File, Format Version 12.00
# Visual Studio Version 16
VisualStudioVersion = 16.0.32602.291
MinimumVisualStudioVersion = 10.0.40219.1
Project("{FAE04EC0-301F-11D3-BF4B-00C04F79EFBC}") = "ViewStructure", "ViewStructure\ViewStructure.csproj", "{65B2BDA5-2753-4201-9105-F242FD9A0AC4}"
EndProject
Global
	GlobalSection(SolutionConfigurationPlatforms) = preSolution
		Debug|Any CPU = Debug|Any CPU
		Release|Any CPU = Release|Any CPU
	EndGlobalSection
	GlobalSection(ProjectConfigurationPlatforms) = postSolution
		{65B2BDA5-2753-4201-9105-F242FD9A0AC4}.Debug|Any CPU.ActiveCfg = Debug|Any CPU
		{65B2BDA5-2753-4201-9105-F242FD9A0AC4}.Debug|Any CPU.Build.0 = Debug|Any CPU
		{65B2BDA5-2753-4201-9105-F242FD9A0AC4}.Release|Any CPU.ActiveCfg = Release|Any CPU
		{65B2BDA5-2753-4201-9105-F242FD9A0AC4}.Release|Any CPU.Build.0 = Release|Any CPU
	EndGlobalSection
	GlobalSection(SolutionProperties) = preSolution
		HideSolutionNode = FALSE
	EndGlobalSection
	GlobalSection(ExtensibilityGlobals) = postSolution
		SolutionGuid = {55AFEC76-D496-4502-ACC1-AFC02F475F35}
	EndGlobalSection
EndGlobal
