
Microsoft Visual Studio Solution File, Format Version 12.00
# Visual Studio Version 16
VisualStudioVersion = 16.0.32602.291
MinimumVisualStudioVersion = 10.0.40219.1
Project("{FAE04EC0-301F-11D3-BF4B-00C04F79EFBC}") = "Interfaces", "Interfaces\Interfaces.csproj", "{E1FF1D29-0FF2-48D8-B19E-32E86C237099}"
EndProject
Global
	GlobalSection(SolutionConfigurationPlatforms) = preSolution
		Debug|Any CPU = Debug|Any CPU
		Release|Any CPU = Release|Any CPU
	EndGlobalSection
	GlobalSection(ProjectConfigurationPlatforms) = postSolution
		{E1FF1D29-0FF2-48D8-B19E-32E86C237099}.Debug|Any CPU.ActiveCfg = Debug|Any CPU
		{E1FF1D29-0FF2-48D8-B19E-32E86C237099}.Debug|Any CPU.Build.0 = Debug|Any CPU
		{E1FF1D29-0FF2-48D8-B19E-32E86C237099}.Release|Any CPU.ActiveCfg = Release|Any CPU
		{E1FF1D29-0FF2-48D8-B19E-32E86C237099}.Release|Any CPU.Build.0 = Release|Any CPU
	EndGlobalSection
	GlobalSection(SolutionProperties) = preSolution
		HideSolutionNode = FALSE
	EndGlobalSection
	GlobalSection(ExtensibilityGlobals) = postSolution
		SolutionGuid = {1A322B1B-E47E-40C6-9ADF-64C53BD78DAB}
	EndGlobalSection
EndGlobal
