
Microsoft Visual Studio Solution File, Format Version 12.00
# Visual Studio Version 16
VisualStudioVersion = 16.0.31424.327
MinimumVisualStudioVersion = 10.0.40219.1
Project("{FAE04EC0-301F-11D3-BF4B-00C04F79EFBC}") = "OtobusBiletSatis.WebUI", "OtobusBiletSatis.WebUI\OtobusBiletSatis.WebUI.csproj", "{A78D9A6E-9D41-4221-8CF7-6E216DA0BCAA}"
EndProject
Project("{FAE04EC0-301F-11D3-BF4B-00C04F79EFBC}") = "OtobusBiletSatis.Entity", "OtobusBiletSatis.Entity\OtobusBiletSatis.Entity.csproj", "{A411CAC5-8101-49ED-9E00-5C78EEECADD8}"
EndProject
Project("{FAE04EC0-301F-11D3-BF4B-00C04F79EFBC}") = "OtobusBiletSatis.Data", "OtobusBiletSatis.Data\OtobusBiletSatis.Data.csproj", "{3E9C04EB-EF2C-4254-B177-91A20A659C30}"
EndProject
Project("{FAE04EC0-301F-11D3-BF4B-00C04F79EFBC}") = "OtobusBiletSatis.Business", "OtobusBiletSatis.Business\OtobusBiletSatis.Business.csproj", "{0C0E7BB3-424C-4546-B6FC-8CCBEAD963F2}"
EndProject
Global
	GlobalSection(SolutionConfigurationPlatforms) = preSolution
		Debug|Any CPU = Debug|Any CPU
		Release|Any CPU = Release|Any CPU
	EndGlobalSection
	GlobalSection(ProjectConfigurationPlatforms) = postSolution
		{A78D9A6E-9D41-4221-8CF7-6E216DA0BCAA}.Debug|Any CPU.ActiveCfg = Debug|Any CPU
		{A78D9A6E-9D41-4221-8CF7-6E216DA0BCAA}.Debug|Any CPU.Build.0 = Debug|Any CPU
		{A78D9A6E-9D41-4221-8CF7-6E216DA0BCAA}.Release|Any CPU.ActiveCfg = Release|Any CPU
		{A78D9A6E-9D41-4221-8CF7-6E216DA0BCAA}.Release|Any CPU.Build.0 = Release|Any CPU
		{A411CAC5-8101-49ED-9E00-5C78EEECADD8}.Debug|Any CPU.ActiveCfg = Debug|Any CPU
		{A411CAC5-8101-49ED-9E00-5C78EEECADD8}.Debug|Any CPU.Build.0 = Debug|Any CPU
		{A411CAC5-8101-49ED-9E00-5C78EEECADD8}.Release|Any CPU.ActiveCfg = Release|Any CPU
		{A411CAC5-8101-49ED-9E00-5C78EEECADD8}.Release|Any CPU.Build.0 = Release|Any CPU
		{3E9C04EB-EF2C-4254-B177-91A20A659C30}.Debug|Any CPU.ActiveCfg = Debug|Any CPU
		{3E9C04EB-EF2C-4254-B177-91A20A659C30}.Debug|Any CPU.Build.0 = Debug|Any CPU
		{3E9C04EB-EF2C-4254-B177-91A20A659C30}.Release|Any CPU.ActiveCfg = Release|Any CPU
		{3E9C04EB-EF2C-4254-B177-91A20A659C30}.Release|Any CPU.Build.0 = Release|Any CPU
		{0C0E7BB3-424C-4546-B6FC-8CCBEAD963F2}.Debug|Any CPU.ActiveCfg = Debug|Any CPU
		{0C0E7BB3-424C-4546-B6FC-8CCBEAD963F2}.Debug|Any CPU.Build.0 = Debug|Any CPU
		{0C0E7BB3-424C-4546-B6FC-8CCBEAD963F2}.Release|Any CPU.ActiveCfg = Release|Any CPU
		{0C0E7BB3-424C-4546-B6FC-8CCBEAD963F2}.Release|Any CPU.Build.0 = Release|Any CPU
	EndGlobalSection
	GlobalSection(SolutionProperties) = preSolution
		HideSolutionNode = FALSE
	EndGlobalSection
	GlobalSection(ExtensibilityGlobals) = postSolution
		SolutionGuid = {90C10FDE-7421-4103-A1D2-B91EB075DA70}
	EndGlobalSection
EndGlobal
