
Microsoft Visual Studio Solution File, Format Version 12.00
# Visual Studio Version 16
VisualStudioVersion = 16.0.31424.327
MinimumVisualStudioVersion = 10.0.40219.1
Project("{FAE04EC0-301F-11D3-BF4B-00C04F79EFBC}") = "BusTicketReservation.WebUI", "BusTicketReservation.WebUI\BusTicketReservation.WebUI.csproj", "{4E3CA746-C5BF-40D0-9B54-A1F7B407677C}"
EndProject
Project("{FAE04EC0-301F-11D3-BF4B-00C04F79EFBC}") = "BusTicketReservation.Entity", "BusTicketReservation.Entity\BusTicketReservation.Entity.csproj", "{32EA2CFC-FF11-4DDB-9D60-53044FFEE119}"
EndProject
Project("{FAE04EC0-301F-11D3-BF4B-00C04F79EFBC}") = "BusTicketReservation.Data", "BusTicketReservation.Data\BusTicketReservation.Data.csproj", "{C8675E88-3569-4385-AA7B-6ABAF0428A3B}"
EndProject
Project("{FAE04EC0-301F-11D3-BF4B-00C04F79EFBC}") = "BusTicketReservation.Business", "BusTicketReservation.Business\BusTicketReservation.Business.csproj", "{3718EC7A-4FD3-4ED9-884F-A86F1C7DB3EA}"
EndProject
Global
	GlobalSection(SolutionConfigurationPlatforms) = preSolution
		Debug|Any CPU = Debug|Any CPU
		Release|Any CPU = Release|Any CPU
	EndGlobalSection
	GlobalSection(ProjectConfigurationPlatforms) = postSolution
		{4E3CA746-C5BF-40D0-9B54-A1F7B407677C}.Debug|Any CPU.ActiveCfg = Debug|Any CPU
		{4E3CA746-C5BF-40D0-9B54-A1F7B407677C}.Debug|Any CPU.Build.0 = Debug|Any CPU
		{4E3CA746-C5BF-40D0-9B54-A1F7B407677C}.Release|Any CPU.ActiveCfg = Release|Any CPU
		{4E3CA746-C5BF-40D0-9B54-A1F7B407677C}.Release|Any CPU.Build.0 = Release|Any CPU
		{32EA2CFC-FF11-4DDB-9D60-53044FFEE119}.Debug|Any CPU.ActiveCfg = Debug|Any CPU
		{32EA2CFC-FF11-4DDB-9D60-53044FFEE119}.Debug|Any CPU.Build.0 = Debug|Any CPU
		{32EA2CFC-FF11-4DDB-9D60-53044FFEE119}.Release|Any CPU.ActiveCfg = Release|Any CPU
		{32EA2CFC-FF11-4DDB-9D60-53044FFEE119}.Release|Any CPU.Build.0 = Release|Any CPU
		{C8675E88-3569-4385-AA7B-6ABAF0428A3B}.Debug|Any CPU.ActiveCfg = Debug|Any CPU
		{C8675E88-3569-4385-AA7B-6ABAF0428A3B}.Debug|Any CPU.Build.0 = Debug|Any CPU
		{C8675E88-3569-4385-AA7B-6ABAF0428A3B}.Release|Any CPU.ActiveCfg = Release|Any CPU
		{C8675E88-3569-4385-AA7B-6ABAF0428A3B}.Release|Any CPU.Build.0 = Release|Any CPU
		{3718EC7A-4FD3-4ED9-884F-A86F1C7DB3EA}.Debug|Any CPU.ActiveCfg = Debug|Any CPU
		{3718EC7A-4FD3-4ED9-884F-A86F1C7DB3EA}.Debug|Any CPU.Build.0 = Debug|Any CPU
		{3718EC7A-4FD3-4ED9-884F-A86F1C7DB3EA}.Release|Any CPU.ActiveCfg = Release|Any CPU
		{3718EC7A-4FD3-4ED9-884F-A86F1C7DB3EA}.Release|Any CPU.Build.0 = Release|Any CPU
	EndGlobalSection
	GlobalSection(SolutionProperties) = preSolution
		HideSolutionNode = FALSE
	EndGlobalSection
	GlobalSection(ExtensibilityGlobals) = postSolution
		SolutionGuid = {2C0975B5-D4AB-4B55-984D-7733E3CC48D2}
	EndGlobalSection
EndGlobal
